// !$*UTF8*$!
{
	archiveVersion = 1;
	classes = {
	};
	objectVersion = 56;
	objects = {

/* Begin PBXBuildFile section */
		7EB3649D2ABDA5B100BC0E07 /* main.c in Sources */ = {isa = PBXBuildFile; fileRef = 7EB3649C2ABDA5B100BC0E07 /* main.c */; };
		7EB364AA2ABDAC3D00BC0E07 /* main.c in Sources */ = {isa = PBXBuildFile; fileRef = 7EB364A92ABDAC3D00BC0E07 /* main.c */; };
		7EB364B52ABDBA7C00BC0E07 /* main.c in Sources */ = {isa = PBXBuildFile; fileRef = 7EB364B42ABDBA7C00BC0E07 /* main.c */; };
		7EB364C02AC0982500BC0E07 /* main.c in Sources */ = {isa = PBXBuildFile; fileRef = 7EB364BF2AC0982500BC0E07 /* main.c */; };
		7EECF6DD2AE7B93B002539A9 /* main.c in Sources */ = {isa = PBXBuildFile; fileRef = 7EECF6DC2AE7B93B002539A9 /* main.c */; };
		7EECF6E82AE7BB4A002539A9 /* main.c in Sources */ = {isa = PBXBuildFile; fileRef = 7EECF6E72AE7BB4A002539A9 /* main.c */; };
		7EECF6F32AE7C0CB002539A9 /* main.c in Sources */ = {isa = PBXBuildFile; fileRef = 7EECF6F22AE7C0CB002539A9 /* main.c */; };
		7EECF6FE2AE80538002539A9 /* main.c in Sources */ = {isa = PBXBuildFile; fileRef = 7EECF6FD2AE80538002539A9 /* main.c */; };
		7EECF7092AEAD29A002539A9 /* main.c in Sources */ = {isa = PBXBuildFile; fileRef = 7EECF7082AEAD29A002539A9 /* main.c */; };
		7EECF7142AEAD974002539A9 /* main.c in Sources */ = {isa = PBXBuildFile; fileRef = 7EECF7132AEAD974002539A9 /* main.c */; };
		7EECF71F2AEADF6F002539A9 /* main.c in Sources */ = {isa = PBXBuildFile; fileRef = 7EECF71E2AEADF6F002539A9 /* main.c */; };
/* End PBXBuildFile section */

/* Begin PBXCopyFilesBuildPhase section */
		7EB364972ABDA5B100BC0E07 /* CopyFiles */ = {
			isa = PBXCopyFilesBuildPhase;
			buildActionMask = 2147483647;
			dstPath = /usr/share/man/man1/;
			dstSubfolderSpec = 0;
			files = (
			);
			runOnlyForDeploymentPostprocessing = 1;
		};
		7EB364A52ABDAC3D00BC0E07 /* CopyFiles */ = {
			isa = PBXCopyFilesBuildPhase;
			buildActionMask = 2147483647;
			dstPath = /usr/share/man/man1/;
			dstSubfolderSpec = 0;
			files = (
			);
			runOnlyForDeploymentPostprocessing = 1;
		};
		7EB364B02ABDBA7C00BC0E07 /* CopyFiles */ = {
			isa = PBXCopyFilesBuildPhase;
			buildActionMask = 2147483647;
			dstPath = /usr/share/man/man1/;
			dstSubfolderSpec = 0;
			files = (
			);
			runOnlyForDeploymentPostprocessing = 1;
		};
		7EB364BB2AC0982500BC0E07 /* CopyFiles */ = {
			isa = PBXCopyFilesBuildPhase;
			buildActionMask = 2147483647;
			dstPath = /usr/share/man/man1/;
			dstSubfolderSpec = 0;
			files = (
			);
			runOnlyForDeploymentPostprocessing = 1;
		};
		7EECF6D82AE7B93B002539A9 /* CopyFiles */ = {
			isa = PBXCopyFilesBuildPhase;
			buildActionMask = 2147483647;
			dstPath = /usr/share/man/man1/;
			dstSubfolderSpec = 0;
			files = (
			);
			runOnlyForDeploymentPostprocessing = 1;
		};
		7EECF6E32AE7BB4A002539A9 /* CopyFiles */ = {
			isa = PBXCopyFilesBuildPhase;
			buildActionMask = 2147483647;
			dstPath = /usr/share/man/man1/;
			dstSubfolderSpec = 0;
			files = (
			);
			runOnlyForDeploymentPostprocessing = 1;
		};
		7EECF6EE2AE7C0CB002539A9 /* CopyFiles */ = {
			isa = PBXCopyFilesBuildPhase;
			buildActionMask = 2147483647;
			dstPath = /usr/share/man/man1/;
			dstSubfolderSpec = 0;
			files = (
			);
			runOnlyForDeploymentPostprocessing = 1;
		};
		7EECF6F92AE80538002539A9 /* CopyFiles */ = {
			isa = PBXCopyFilesBuildPhase;
			buildActionMask = 2147483647;
			dstPath = /usr/share/man/man1/;
			dstSubfolderSpec = 0;
			files = (
			);
			runOnlyForDeploymentPostprocessing = 1;
		};
		7EECF7042AEAD29A002539A9 /* CopyFiles */ = {
			isa = PBXCopyFilesBuildPhase;
			buildActionMask = 2147483647;
			dstPath = /usr/share/man/man1/;
			dstSubfolderSpec = 0;
			files = (
			);
			runOnlyForDeploymentPostprocessing = 1;
		};
		7EECF70F2AEAD974002539A9 /* CopyFiles */ = {
			isa = PBXCopyFilesBuildPhase;
			buildActionMask = 2147483647;
			dstPath = /usr/share/man/man1/;
			dstSubfolderSpec = 0;
			files = (
			);
			runOnlyForDeploymentPostprocessing = 1;
		};
		7EECF71A2AEADF6F002539A9 /* CopyFiles */ = {
			isa = PBXCopyFilesBuildPhase;
			buildActionMask = 2147483647;
			dstPath = /usr/share/man/man1/;
			dstSubfolderSpec = 0;
			files = (
			);
			runOnlyForDeploymentPostprocessing = 1;
		};
/* End PBXCopyFilesBuildPhase section */

/* Begin PBXFileReference section */
		7EB364992ABDA5B100BC0E07 /* work 1-1 */ = {isa = PBXFileReference; explicitFileType = "compiled.mach-o.executable"; includeInIndex = 0; path = "work 1-1"; sourceTree = BUILT_PRODUCTS_DIR; };
		7EB3649C2ABDA5B100BC0E07 /* main.c */ = {isa = PBXFileReference; lastKnownFileType = sourcecode.c.c; path = main.c; sourceTree = "<group>"; };
		7EB364A72ABDAC3D00BC0E07 /* work 1-2 */ = {isa = PBXFileReference; explicitFileType = "compiled.mach-o.executable"; includeInIndex = 0; path = "work 1-2"; sourceTree = BUILT_PRODUCTS_DIR; };
		7EB364A92ABDAC3D00BC0E07 /* main.c */ = {isa = PBXFileReference; lastKnownFileType = sourcecode.c.c; path = main.c; sourceTree = "<group>"; };
		7EB364B22ABDBA7C00BC0E07 /* work 1-3 */ = {isa = PBXFileReference; explicitFileType = "compiled.mach-o.executable"; includeInIndex = 0; path = "work 1-3"; sourceTree = BUILT_PRODUCTS_DIR; };
		7EB364B42ABDBA7C00BC0E07 /* main.c */ = {isa = PBXFileReference; lastKnownFileType = sourcecode.c.c; path = main.c; sourceTree = "<group>"; };
		7EB364BD2AC0982500BC0E07 /* work 1-4 */ = {isa = PBXFileReference; explicitFileType = "compiled.mach-o.executable"; includeInIndex = 0; path = "work 1-4"; sourceTree = BUILT_PRODUCTS_DIR; };
		7EB364BF2AC0982500BC0E07 /* main.c */ = {isa = PBXFileReference; lastKnownFileType = sourcecode.c.c; path = main.c; sourceTree = "<group>"; };
		7EECF6DA2AE7B93B002539A9 /* work 2-1 */ = {isa = PBXFileReference; explicitFileType = "compiled.mach-o.executable"; includeInIndex = 0; path = "work 2-1"; sourceTree = BUILT_PRODUCTS_DIR; };
		7EECF6DC2AE7B93B002539A9 /* main.c */ = {isa = PBXFileReference; lastKnownFileType = sourcecode.c.c; path = main.c; sourceTree = "<group>"; };
		7EECF6E52AE7BB4A002539A9 /* GPT 2-1 */ = {isa = PBXFileReference; explicitFileType = "compiled.mach-o.executable"; includeInIndex = 0; path = "GPT 2-1"; sourceTree = BUILT_PRODUCTS_DIR; };
		7EECF6E72AE7BB4A002539A9 /* main.c */ = {isa = PBXFileReference; lastKnownFileType = sourcecode.c.c; path = main.c; sourceTree = "<group>"; };
		7EECF6F02AE7C0CB002539A9 /* work 2-2 */ = {isa = PBXFileReference; explicitFileType = "compiled.mach-o.executable"; includeInIndex = 0; path = "work 2-2"; sourceTree = BUILT_PRODUCTS_DIR; };
		7EECF6F22AE7C0CB002539A9 /* main.c */ = {isa = PBXFileReference; lastKnownFileType = sourcecode.c.c; path = main.c; sourceTree = "<group>"; };
		7EECF6FB2AE80538002539A9 /* GPT 2-2 */ = {isa = PBXFileReference; explicitFileType = "compiled.mach-o.executable"; includeInIndex = 0; path = "GPT 2-2"; sourceTree = BUILT_PRODUCTS_DIR; };
		7EECF6FD2AE80538002539A9 /* main.c */ = {isa = PBXFileReference; lastKnownFileType = sourcecode.c.c; path = main.c; sourceTree = "<group>"; };
		7EECF7062AEAD29A002539A9 /* work 2-3 */ = {isa = PBXFileReference; explicitFileType = "compiled.mach-o.executable"; includeInIndex = 0; path = "work 2-3"; sourceTree = BUILT_PRODUCTS_DIR; };
		7EECF7082AEAD29A002539A9 /* main.c */ = {isa = PBXFileReference; lastKnownFileType = sourcecode.c.c; path = main.c; sourceTree = "<group>"; };
		7EECF7112AEAD974002539A9 /* GPT 2-3 */ = {isa = PBXFileReference; explicitFileType = "compiled.mach-o.executable"; includeInIndex = 0; path = "GPT 2-3"; sourceTree = BUILT_PRODUCTS_DIR; };
		7EECF7132AEAD974002539A9 /* main.c */ = {isa = PBXFileReference; lastKnownFileType = sourcecode.c.c; path = main.c; sourceTree = "<group>"; };
		7EECF71C2AEADF6F002539A9 /* GPT 2-5 */ = {isa = PBXFileReference; explicitFileType = "compiled.mach-o.executable"; includeInIndex = 0; path = "GPT 2-5"; sourceTree = BUILT_PRODUCTS_DIR; };
		7EECF71E2AEADF6F002539A9 /* main.c */ = {isa = PBXFileReference; lastKnownFileType = sourcecode.c.c; path = main.c; sourceTree = "<group>"; };
/* End PBXFileReference section */

/* Begin PBXFrameworksBuildPhase section */
		7EB364962ABDA5B100BC0E07 /* Frameworks */ = {
			isa = PBXFrameworksBuildPhase;
			buildActionMask = 2147483647;
			files = (
			);
			runOnlyForDeploymentPostprocessing = 0;
		};
		7EB364A42ABDAC3D00BC0E07 /* Frameworks */ = {
			isa = PBXFrameworksBuildPhase;
			buildActionMask = 2147483647;
			files = (
			);
			runOnlyForDeploymentPostprocessing = 0;
		};
		7EB364AF2ABDBA7C00BC0E07 /* Frameworks */ = {
			isa = PBXFrameworksBuildPhase;
			buildActionMask = 2147483647;
			files = (
			);
			runOnlyForDeploymentPostprocessing = 0;
		};
		7EB364BA2AC0982500BC0E07 /* Frameworks */ = {
			isa = PBXFrameworksBuildPhase;
			buildActionMask = 2147483647;
			files = (
			);
			runOnlyForDeploymentPostprocessing = 0;
		};
		7EECF6D72AE7B93B002539A9 /* Frameworks */ = {
			isa = PBXFrameworksBuildPhase;
			buildActionMask = 2147483647;
			files = (
			);
			runOnlyForDeploymentPostprocessing = 0;
		};
		7EECF6E22AE7BB4A002539A9 /* Frameworks */ = {
			isa = PBXFrameworksBuildPhase;
			buildActionMask = 2147483647;
			files = (
			);
			runOnlyForDeploymentPostprocessing = 0;
		};
		7EECF6ED2AE7C0CB002539A9 /* Frameworks */ = {
			isa = PBXFrameworksBuildPhase;
			buildActionMask = 2147483647;
			files = (
			);
			runOnlyForDeploymentPostprocessing = 0;
		};
		7EECF6F82AE80538002539A9 /* Frameworks */ = {
			isa = PBXFrameworksBuildPhase;
			buildActionMask = 2147483647;
			files = (
			);
			runOnlyForDeploymentPostprocessing = 0;
		};
		7EECF7032AEAD29A002539A9 /* Frameworks */ = {
			isa = PBXFrameworksBuildPhase;
			buildActionMask = 2147483647;
			files = (
			);
			runOnlyForDeploymentPostprocessing = 0;
		};
		7EECF70E2AEAD974002539A9 /* Frameworks */ = {
			isa = PBXFrameworksBuildPhase;
			buildActionMask = 2147483647;
			files = (
			);
			runOnlyForDeploymentPostprocessing = 0;
		};
		7EECF7192AEADF6F002539A9 /* Frameworks */ = {
			isa = PBXFrameworksBuildPhase;
			buildActionMask = 2147483647;
			files = (
			);
			runOnlyForDeploymentPostprocessing = 0;
		};
/* End PBXFrameworksBuildPhase section */

/* Begin PBXGroup section */
		7EB364902ABDA5B100BC0E07 = {
			isa = PBXGroup;
			children = (
				7EB3649B2ABDA5B100BC0E07 /* work 1-1 */,
				7EB364A82ABDAC3D00BC0E07 /* work 1-2 */,
				7EB364B32ABDBA7C00BC0E07 /* work 1-3 */,
				7EB364BE2AC0982500BC0E07 /* work 1-4 */,
				7EECF6DB2AE7B93B002539A9 /* work 2-1 */,
				7EECF6E62AE7BB4A002539A9 /* GPT 2-1 */,
				7EECF6F12AE7C0CB002539A9 /* work 2-2 */,
				7EECF6FC2AE80538002539A9 /* GPT 2-2 */,
				7EECF7072AEAD29A002539A9 /* work 2-3 */,
				7EECF7122AEAD974002539A9 /* GPT 2-3 */,
				7EECF71D2AEADF6F002539A9 /* GPT 2-5 */,
				7EB3649A2ABDA5B100BC0E07 /* Products */,
			);
			sourceTree = "<group>";
		};
		7EB3649A2ABDA5B100BC0E07 /* Products */ = {
			isa = PBXGroup;
			children = (
				7EB364992ABDA5B100BC0E07 /* work 1-1 */,
				7EB364A72ABDAC3D00BC0E07 /* work 1-2 */,
				7EB364B22ABDBA7C00BC0E07 /* work 1-3 */,
				7EB364BD2AC0982500BC0E07 /* work 1-4 */,
				7EECF6DA2AE7B93B002539A9 /* work 2-1 */,
				7EECF6E52AE7BB4A002539A9 /* GPT 2-1 */,
				7EECF6F02AE7C0CB002539A9 /* work 2-2 */,
				7EECF6FB2AE80538002539A9 /* GPT 2-2 */,
				7EECF7062AEAD29A002539A9 /* work 2-3 */,
				7EECF7112AEAD974002539A9 /* GPT 2-3 */,
				7EECF71C2AEADF6F002539A9 /* GPT 2-5 */,
			);
			name = Products;
			sourceTree = "<group>";
		};
		7EB3649B2ABDA5B100BC0E07 /* work 1-1 */ = {
			isa = PBXGroup;
			children = (
				7EB3649C2ABDA5B100BC0E07 /* main.c */,
			);
			path = "work 1-1";
			sourceTree = "<group>";
		};
		7EB364A82ABDAC3D00BC0E07 /* work 1-2 */ = {
			isa = PBXGroup;
			children = (
				7EB364A92ABDAC3D00BC0E07 /* main.c */,
			);
			path = "work 1-2";
			sourceTree = "<group>";
		};
		7EB364B32ABDBA7C00BC0E07 /* work 1-3 */ = {
			isa = PBXGroup;
			children = (
				7EB364B42ABDBA7C00BC0E07 /* main.c */,
			);
			path = "work 1-3";
			sourceTree = "<group>";
		};
		7EB364BE2AC0982500BC0E07 /* work 1-4 */ = {
			isa = PBXGroup;
			children = (
				7EB364BF2AC0982500BC0E07 /* main.c */,
			);
			path = "work 1-4";
			sourceTree = "<group>";
		};
		7EECF6DB2AE7B93B002539A9 /* work 2-1 */ = {
			isa = PBXGroup;
			children = (
				7EECF6DC2AE7B93B002539A9 /* main.c */,
			);
			path = "work 2-1";
			sourceTree = "<group>";
		};
		7EECF6E62AE7BB4A002539A9 /* GPT 2-1 */ = {
			isa = PBXGroup;
			children = (
				7EECF6E72AE7BB4A002539A9 /* main.c */,
			);
			path = "GPT 2-1";
			sourceTree = "<group>";
		};
		7EECF6F12AE7C0CB002539A9 /* work 2-2 */ = {
			isa = PBXGroup;
			children = (
				7EECF6F22AE7C0CB002539A9 /* main.c */,
			);
			path = "work 2-2";
			sourceTree = "<group>";
		};
		7EECF6FC2AE80538002539A9 /* GPT 2-2 */ = {
			isa = PBXGroup;
			children = (
				7EECF6FD2AE80538002539A9 /* main.c */,
			);
			path = "GPT 2-2";
			sourceTree = "<group>";
		};
		7EECF7072AEAD29A002539A9 /* work 2-3 */ = {
			isa = PBXGroup;
			children = (
				7EECF7082AEAD29A002539A9 /* main.c */,
			);
			path = "work 2-3";
			sourceTree = "<group>";
		};
		7EECF7122AEAD974002539A9 /* GPT 2-3 */ = {
			isa = PBXGroup;
			children = (
				7EECF7132AEAD974002539A9 /* main.c */,
			);
			path = "GPT 2-3";
			sourceTree = "<group>";
		};
		7EECF71D2AEADF6F002539A9 /* GPT 2-5 */ = {
			isa = PBXGroup;
			children = (
				7EECF71E2AEADF6F002539A9 /* main.c */,
			);
			path = "GPT 2-5";
			sourceTree = "<group>";
		};
/* End PBXGroup section */

/* Begin PBXNativeTarget section */
		7EB364982ABDA5B100BC0E07 /* work 1-1 */ = {
			isa = PBXNativeTarget;
			buildConfigurationList = 7EB364A02ABDA5B100BC0E07 /* Build configuration list for PBXNativeTarget "work 1-1" */;
			buildPhases = (
				7EB364952ABDA5B100BC0E07 /* Sources */,
				7EB364962ABDA5B100BC0E07 /* Frameworks */,
				7EB364972ABDA5B100BC0E07 /* CopyFiles */,
			);
			buildRules = (
			);
			dependencies = (
			);
			name = "work 1-1";
			productName = Work;
			productReference = 7EB364992ABDA5B100BC0E07 /* work 1-1 */;
			productType = "com.apple.product-type.tool";
		};
		7EB364A62ABDAC3D00BC0E07 /* work 1-2 */ = {
			isa = PBXNativeTarget;
			buildConfigurationList = 7EB364AB2ABDAC3D00BC0E07 /* Build configuration list for PBXNativeTarget "work 1-2" */;
			buildPhases = (
				7EB364A32ABDAC3D00BC0E07 /* Sources */,
				7EB364A42ABDAC3D00BC0E07 /* Frameworks */,
				7EB364A52ABDAC3D00BC0E07 /* CopyFiles */,
			);
			buildRules = (
			);
			dependencies = (
			);
			name = "work 1-2";
			productName = "1-2";
			productReference = 7EB364A72ABDAC3D00BC0E07 /* work 1-2 */;
			productType = "com.apple.product-type.tool";
		};
		7EB364B12ABDBA7C00BC0E07 /* work 1-3 */ = {
			isa = PBXNativeTarget;
			buildConfigurationList = 7EB364B62ABDBA7C00BC0E07 /* Build configuration list for PBXNativeTarget "work 1-3" */;
			buildPhases = (
				7EB364AE2ABDBA7C00BC0E07 /* Sources */,
				7EB364AF2ABDBA7C00BC0E07 /* Frameworks */,
				7EB364B02ABDBA7C00BC0E07 /* CopyFiles */,
			);
			buildRules = (
			);
			dependencies = (
			);
			name = "work 1-3";
			productName = "work 1-3";
			productReference = 7EB364B22ABDBA7C00BC0E07 /* work 1-3 */;
			productType = "com.apple.product-type.tool";
		};
		7EB364BC2AC0982500BC0E07 /* work 1-4 */ = {
			isa = PBXNativeTarget;
			buildConfigurationList = 7EB364C12AC0982500BC0E07 /* Build configuration list for PBXNativeTarget "work 1-4" */;
			buildPhases = (
				7EB364B92AC0982500BC0E07 /* Sources */,
				7EB364BA2AC0982500BC0E07 /* Frameworks */,
				7EB364BB2AC0982500BC0E07 /* CopyFiles */,
			);
			buildRules = (
			);
			dependencies = (
			);
			name = "work 1-4";
			productName = "work 1-4";
			productReference = 7EB364BD2AC0982500BC0E07 /* work 1-4 */;
			productType = "com.apple.product-type.tool";
		};
		7EECF6D92AE7B93B002539A9 /* work 2-1 */ = {
			isa = PBXNativeTarget;
			buildConfigurationList = 7EECF6E02AE7B93B002539A9 /* Build configuration list for PBXNativeTarget "work 2-1" */;
			buildPhases = (
				7EECF6D62AE7B93B002539A9 /* Sources */,
				7EECF6D72AE7B93B002539A9 /* Frameworks */,
				7EECF6D82AE7B93B002539A9 /* CopyFiles */,
			);
			buildRules = (
			);
			dependencies = (
			);
			name = "work 2-1";
			productName = "work 2-1";
			productReference = 7EECF6DA2AE7B93B002539A9 /* work 2-1 */;
			productType = "com.apple.product-type.tool";
		};
		7EECF6E42AE7BB4A002539A9 /* GPT 2-1 */ = {
			isa = PBXNativeTarget;
			buildConfigurationList = 7EECF6E92AE7BB4A002539A9 /* Build configuration list for PBXNativeTarget "GPT 2-1" */;
			buildPhases = (
				7EECF6E12AE7BB4A002539A9 /* Sources */,
				7EECF6E22AE7BB4A002539A9 /* Frameworks */,
				7EECF6E32AE7BB4A002539A9 /* CopyFiles */,
			);
			buildRules = (
			);
			dependencies = (
			);
			name = "GPT 2-1";
			productName = "GPT 2-1";
			productReference = 7EECF6E52AE7BB4A002539A9 /* GPT 2-1 */;
			productType = "com.apple.product-type.tool";
		};
		7EECF6EF2AE7C0CB002539A9 /* work 2-2 */ = {
			isa = PBXNativeTarget;
			buildConfigurationList = 7EECF6F42AE7C0CB002539A9 /* Build configuration list for PBXNativeTarget "work 2-2" */;
			buildPhases = (
				7EECF6EC2AE7C0CB002539A9 /* Sources */,
				7EECF6ED2AE7C0CB002539A9 /* Frameworks */,
				7EECF6EE2AE7C0CB002539A9 /* CopyFiles */,
			);
			buildRules = (
			);
			dependencies = (
			);
			name = "work 2-2";
			productName = "work 2-2";
			productReference = 7EECF6F02AE7C0CB002539A9 /* work 2-2 */;
			productType = "com.apple.product-type.tool";
		};
		7EECF6FA2AE80538002539A9 /* GPT 2-2 */ = {
			isa = PBXNativeTarget;
			buildConfigurationList = 7EECF6FF2AE80538002539A9 /* Build configuration list for PBXNativeTarget "GPT 2-2" */;
			buildPhases = (
				7EECF6F72AE80538002539A9 /* Sources */,
				7EECF6F82AE80538002539A9 /* Frameworks */,
				7EECF6F92AE80538002539A9 /* CopyFiles */,
			);
			buildRules = (
			);
			dependencies = (
			);
			name = "GPT 2-2";
			productName = "GPT 2-2";
			productReference = 7EECF6FB2AE80538002539A9 /* GPT 2-2 */;
			productType = "com.apple.product-type.tool";
		};
		7EECF7052AEAD29A002539A9 /* work 2-3 */ = {
			isa = PBXNativeTarget;
			buildConfigurationList = 7EECF70C2AEAD29A002539A9 /* Build configuration list for PBXNativeTarget "work 2-3" */;
			buildPhases = (
				7EECF7022AEAD29A002539A9 /* Sources */,
				7EECF7032AEAD29A002539A9 /* Frameworks */,
				7EECF7042AEAD29A002539A9 /* CopyFiles */,
			);
			buildRules = (
			);
			dependencies = (
			);
			name = "work 2-3";
			productName = "work 2-3";
			productReference = 7EECF7062AEAD29A002539A9 /* work 2-3 */;
			productType = "com.apple.product-type.tool";
		};
		7EECF7102AEAD974002539A9 /* GPT 2-3 */ = {
			isa = PBXNativeTarget;
			buildConfigurationList = 7EECF7152AEAD974002539A9 /* Build configuration list for PBXNativeTarget "GPT 2-3" */;
			buildPhases = (
				7EECF70D2AEAD974002539A9 /* Sources */,
				7EECF70E2AEAD974002539A9 /* Frameworks */,
				7EECF70F2AEAD974002539A9 /* CopyFiles */,
			);
			buildRules = (
			);
			dependencies = (
			);
			name = "GPT 2-3";
			productName = "GPT 2-3";
			productReference = 7EECF7112AEAD974002539A9 /* GPT 2-3 */;
			productType = "com.apple.product-type.tool";
		};
		7EECF71B2AEADF6F002539A9 /* GPT 2-5 */ = {
			isa = PBXNativeTarget;
			buildConfigurationList = 7EECF7202AEADF6F002539A9 /* Build configuration list for PBXNativeTarget "GPT 2-5" */;
			buildPhases = (
				7EECF7182AEADF6F002539A9 /* Sources */,
				7EECF7192AEADF6F002539A9 /* Frameworks */,
				7EECF71A2AEADF6F002539A9 /* CopyFiles */,
			);
			buildRules = (
			);
			dependencies = (
			);
			name = "GPT 2-5";
			productName = "GPT 2-5";
			productReference = 7EECF71C2AEADF6F002539A9 /* GPT 2-5 */;
			productType = "com.apple.product-type.tool";
		};
/* End PBXNativeTarget section */

/* Begin PBXProject section */
		7EB364912ABDA5B100BC0E07 /* Project object */ = {
			isa = PBXProject;
			attributes = {
				BuildIndependentTargetsInParallel = 1;
				LastUpgradeCheck = 1500;
				TargetAttributes = {
					7EB364982ABDA5B100BC0E07 = {
						CreatedOnToolsVersion = 15.0;
					};
					7EB364A62ABDAC3D00BC0E07 = {
						CreatedOnToolsVersion = 15.0;
					};
					7EB364B12ABDBA7C00BC0E07 = {
						CreatedOnToolsVersion = 15.0;
					};
					7EB364BC2AC0982500BC0E07 = {
						CreatedOnToolsVersion = 15.0;
					};
					7EECF6D92AE7B93B002539A9 = {
						CreatedOnToolsVersion = 15.0.1;
					};
					7EECF6E42AE7BB4A002539A9 = {
						CreatedOnToolsVersion = 15.0.1;
					};
					7EECF6EF2AE7C0CB002539A9 = {
						CreatedOnToolsVersion = 15.0.1;
					};
					7EECF6FA2AE80538002539A9 = {
						CreatedOnToolsVersion = 15.0.1;
					};
					7EECF7052AEAD29A002539A9 = {
						CreatedOnToolsVersion = 15.0.1;
					};
					7EECF7102AEAD974002539A9 = {
						CreatedOnToolsVersion = 15.0.1;
					};
					7EECF71B2AEADF6F002539A9 = {
						CreatedOnToolsVersion = 15.0.1;
					};
				};
			};
			buildConfigurationList = 7EB364942ABDA5B100BC0E07 /* Build configuration list for PBXProject "Work" */;
			compatibilityVersion = "Xcode 14.0";
			developmentRegion = en;
			hasScannedForEncodings = 0;
			knownRegions = (
				en,
				Base,
			);
			mainGroup = 7EB364902ABDA5B100BC0E07;
			productRefGroup = 7EB3649A2ABDA5B100BC0E07 /* Products */;
			projectDirPath = "";
			projectRoot = "";
			targets = (
				7EB364982ABDA5B100BC0E07 /* work 1-1 */,
				7EB364A62ABDAC3D00BC0E07 /* work 1-2 */,
				7EB364B12ABDBA7C00BC0E07 /* work 1-3 */,
				7EB364BC2AC0982500BC0E07 /* work 1-4 */,
				7EECF6D92AE7B93B002539A9 /* work 2-1 */,
				7EECF6E42AE7BB4A002539A9 /* GPT 2-1 */,
				7EECF6EF2AE7C0CB002539A9 /* work 2-2 */,
				7EECF6FA2AE80538002539A9 /* GPT 2-2 */,
				7EECF7052AEAD29A002539A9 /* work 2-3 */,
				7EECF7102AEAD974002539A9 /* GPT 2-3 */,
				7EECF71B2AEADF6F002539A9 /* GPT 2-5 */,
			);
		};
/* End PBXProject section */

/* Begin PBXSourcesBuildPhase section */
		7EB364952ABDA5B100BC0E07 /* Sources */ = {
			isa = PBXSourcesBuildPhase;
			buildActionMask = 2147483647;
			files = (
				7EB3649D2ABDA5B100BC0E07 /* main.c in Sources */,
			);
			runOnlyForDeploymentPostprocessing = 0;
		};
		7EB364A32ABDAC3D00BC0E07 /* Sources */ = {
			isa = PBXSourcesBuildPhase;
			buildActionMask = 2147483647;
			files = (
				7EB364AA2ABDAC3D00BC0E07 /* main.c in Sources */,
			);
			runOnlyForDeploymentPostprocessing = 0;
		};
		7EB364AE2ABDBA7C00BC0E07 /* Sources */ = {
			isa = PBXSourcesBuildPhase;
			buildActionMask = 2147483647;
			files = (
				7EB364B52ABDBA7C00BC0E07 /* main.c in Sources */,
			);
			runOnlyForDeploymentPostprocessing = 0;
		};
		7EB364B92AC0982500BC0E07 /* Sources */ = {
			isa = PBXSourcesBuildPhase;
			buildActionMask = 2147483647;
			files = (
				7EB364C02AC0982500BC0E07 /* main.c in Sources */,
			);
			runOnlyForDeploymentPostprocessing = 0;
		};
		7EECF6D62AE7B93B002539A9 /* Sources */ = {
			isa = PBXSourcesBuildPhase;
			buildActionMask = 2147483647;
			files = (
				7EECF6DD2AE7B93B002539A9 /* main.c in Sources */,
			);
			runOnlyForDeploymentPostprocessing = 0;
		};
		7EECF6E12AE7BB4A002539A9 /* Sources */ = {
			isa = PBXSourcesBuildPhase;
			buildActionMask = 2147483647;
			files = (
				7EECF6E82AE7BB4A002539A9 /* main.c in Sources */,
			);
			runOnlyForDeploymentPostprocessing = 0;
		};
		7EECF6EC2AE7C0CB002539A9 /* Sources */ = {
			isa = PBXSourcesBuildPhase;
			buildActionMask = 2147483647;
			files = (
				7EECF6F32AE7C0CB002539A9 /* main.c in Sources */,
			);
			runOnlyForDeploymentPostprocessing = 0;
		};
		7EECF6F72AE80538002539A9 /* Sources */ = {
			isa = PBXSourcesBuildPhase;
			buildActionMask = 2147483647;
			files = (
				7EECF6FE2AE80538002539A9 /* main.c in Sources */,
			);
			runOnlyForDeploymentPostprocessing = 0;
		};
		7EECF7022AEAD29A002539A9 /* Sources */ = {
			isa = PBXSourcesBuildPhase;
			buildActionMask = 2147483647;
			files = (
				7EECF7092AEAD29A002539A9 /* main.c in Sources */,
			);
			runOnlyForDeploymentPostprocessing = 0;
		};
		7EECF70D2AEAD974002539A9 /* Sources */ = {
			isa = PBXSourcesBuildPhase;
			buildActionMask = 2147483647;
			files = (
				7EECF7142AEAD974002539A9 /* main.c in Sources */,
			);
			runOnlyForDeploymentPostprocessing = 0;
		};
		7EECF7182AEADF6F002539A9 /* Sources */ = {
			isa = PBXSourcesBuildPhase;
			buildActionMask = 2147483647;
			files = (
				7EECF71F2AEADF6F002539A9 /* main.c in Sources */,
			);
			runOnlyForDeploymentPostprocessing = 0;
		};
/* End PBXSourcesBuildPhase section */

/* Begin XCBuildConfiguration section */
		7EB3649E2ABDA5B100BC0E07 /* Debug */ = {
			isa = XCBuildConfiguration;
			buildSettings = {
				ALWAYS_SEARCH_USER_PATHS = NO;
				ASSETCATALOG_COMPILER_GENERATE_SWIFT_ASSET_SYMBOL_EXTENSIONS = YES;
				CLANG_ANALYZER_NONNULL = YES;
				CLANG_ANALYZER_NUMBER_OBJECT_CONVERSION = YES_AGGRESSIVE;
				CLANG_CXX_LANGUAGE_STANDARD = "gnu++20";
				CLANG_ENABLE_MODULES = YES;
				CLANG_ENABLE_OBJC_ARC = YES;
				CLANG_ENABLE_OBJC_WEAK = YES;
				CLANG_WARN_BLOCK_CAPTURE_AUTORELEASING = YES;
				CLANG_WARN_BOOL_CONVERSION = YES;
				CLANG_WARN_COMMA = YES;
				CLANG_WARN_CONSTANT_CONVERSION = YES;
				CLANG_WARN_DEPRECATED_OBJC_IMPLEMENTATIONS = YES;
				CLANG_WARN_DIRECT_OBJC_ISA_USAGE = YES_ERROR;
				CLANG_WARN_DOCUMENTATION_COMMENTS = YES;
				CLANG_WARN_EMPTY_BODY = YES;
				CLANG_WARN_ENUM_CONVERSION = YES;
				CLANG_WARN_INFINITE_RECURSION = YES;
				CLANG_WARN_INT_CONVERSION = YES;
				CLANG_WARN_NON_LITERAL_NULL_CONVERSION = YES;
				CLANG_WARN_OBJC_IMPLICIT_RETAIN_SELF = YES;
				CLANG_WARN_OBJC_LITERAL_CONVERSION = YES;
				CLANG_WARN_OBJC_ROOT_CLASS = YES_ERROR;
				CLANG_WARN_QUOTED_INCLUDE_IN_FRAMEWORK_HEADER = YES;
				CLANG_WARN_RANGE_LOOP_ANALYSIS = YES;
				CLANG_WARN_STRICT_PROTOTYPES = YES;
				CLANG_WARN_SUSPICIOUS_MOVE = YES;
				CLANG_WARN_UNGUARDED_AVAILABILITY = YES_AGGRESSIVE;
				CLANG_WARN_UNREACHABLE_CODE = YES;
				CLANG_WARN__DUPLICATE_METHOD_MATCH = YES;
				COPY_PHASE_STRIP = NO;
				DEBUG_INFORMATION_FORMAT = dwarf;
				ENABLE_STRICT_OBJC_MSGSEND = YES;
				ENABLE_TESTABILITY = YES;
				ENABLE_USER_SCRIPT_SANDBOXING = YES;
				GCC_C_LANGUAGE_STANDARD = gnu17;
				GCC_DYNAMIC_NO_PIC = NO;
				GCC_NO_COMMON_BLOCKS = YES;
				GCC_OPTIMIZATION_LEVEL = 0;
				GCC_PREPROCESSOR_DEFINITIONS = (
					"DEBUG=1",
					"$(inherited)",
				);
				GCC_WARN_64_TO_32_BIT_CONVERSION = YES;
				GCC_WARN_ABOUT_RETURN_TYPE = YES_ERROR;
				GCC_WARN_UNDECLARED_SELECTOR = YES;
				GCC_WARN_UNINITIALIZED_AUTOS = YES_AGGRESSIVE;
				GCC_WARN_UNUSED_FUNCTION = YES;
				GCC_WARN_UNUSED_VARIABLE = YES;
				LOCALIZATION_PREFERS_STRING_CATALOGS = YES;
				MACOSX_DEPLOYMENT_TARGET = 13.5;
				MTL_ENABLE_DEBUG_INFO = INCLUDE_SOURCE;
				MTL_FAST_MATH = YES;
				ONLY_ACTIVE_ARCH = YES;
				SDKROOT = macosx;
			};
			name = Debug;
		};
		7EB3649F2ABDA5B100BC0E07 /* Release */ = {
			isa = XCBuildConfiguration;
			buildSettings = {
				ALWAYS_SEARCH_USER_PATHS = NO;
				ASSETCATALOG_COMPILER_GENERATE_SWIFT_ASSET_SYMBOL_EXTENSIONS = YES;
				CLANG_ANALYZER_NONNULL = YES;
				CLANG_ANALYZER_NUMBER_OBJECT_CONVERSION = YES_AGGRESSIVE;
				CLANG_CXX_LANGUAGE_STANDARD = "gnu++20";
				CLANG_ENABLE_MODULES = YES;
				CLANG_ENABLE_OBJC_ARC = YES;
				CLANG_ENABLE_OBJC_WEAK = YES;
				CLANG_WARN_BLOCK_CAPTURE_AUTORELEASING = YES;
				CLANG_WARN_BOOL_CONVERSION = YES;
				CLANG_WARN_COMMA = YES;
				CLANG_WARN_CONSTANT_CONVERSION = YES;
				CLANG_WARN_DEPRECATED_OBJC_IMPLEMENTATIONS = YES;
				CLANG_WARN_DIRECT_OBJC_ISA_USAGE = YES_ERROR;
				CLANG_WARN_DOCUMENTATION_COMMENTS = YES;
				CLANG_WARN_EMPTY_BODY = YES;
				CLANG_WARN_ENUM_CONVERSION = YES;
				CLANG_WARN_INFINITE_RECURSION = YES;
				CLANG_WARN_INT_CONVERSION = YES;
				CLANG_WARN_NON_LITERAL_NULL_CONVERSION = YES;
				CLANG_WARN_OBJC_IMPLICIT_RETAIN_SELF = YES;
				CLANG_WARN_OBJC_LITERAL_CONVERSION = YES;
				CLANG_WARN_OBJC_ROOT_CLASS = YES_ERROR;
				CLANG_WARN_QUOTED_INCLUDE_IN_FRAMEWORK_HEADER = YES;
				CLANG_WARN_RANGE_LOOP_ANALYSIS = YES;
				CLANG_WARN_STRICT_PROTOTYPES = YES;
				CLANG_WARN_SUSPICIOUS_MOVE = YES;
				CLANG_WARN_UNGUARDED_AVAILABILITY = YES_AGGRESSIVE;
				CLANG_WARN_UNREACHABLE_CODE = YES;
				CLANG_WARN__DUPLICATE_METHOD_MATCH = YES;
				COPY_PHASE_STRIP = NO;
				DEBUG_INFORMATION_FORMAT = "dwarf-with-dsym";
				ENABLE_NS_ASSERTIONS = NO;
				ENABLE_STRICT_OBJC_MSGSEND = YES;
				ENABLE_USER_SCRIPT_SANDBOXING = YES;
				GCC_C_LANGUAGE_STANDARD = gnu17;
				GCC_NO_COMMON_BLOCKS = YES;
				GCC_WARN_64_TO_32_BIT_CONVERSION = YES;
				GCC_WARN_ABOUT_RETURN_TYPE = YES_ERROR;
				GCC_WARN_UNDECLARED_SELECTOR = YES;
				GCC_WARN_UNINITIALIZED_AUTOS = YES_AGGRESSIVE;
				GCC_WARN_UNUSED_FUNCTION = YES;
				GCC_WARN_UNUSED_VARIABLE = YES;
				LOCALIZATION_PREFERS_STRING_CATALOGS = YES;
				MACOSX_DEPLOYMENT_TARGET = 13.5;
				MTL_ENABLE_DEBUG_INFO = NO;
				MTL_FAST_MATH = YES;
				SDKROOT = macosx;
			};
			name = Release;
		};
		7EB364A12ABDA5B100BC0E07 /* Debug */ = {
			isa = XCBuildConfiguration;
			buildSettings = {
				CODE_SIGN_STYLE = Automatic;
				PRODUCT_NAME = "$(TARGET_NAME)";
			};
			name = Debug;
		};
		7EB364A22ABDA5B100BC0E07 /* Release */ = {
			isa = XCBuildConfiguration;
			buildSettings = {
				CODE_SIGN_STYLE = Automatic;
				PRODUCT_NAME = "$(TARGET_NAME)";
			};
			name = Release;
		};
		7EB364AC2ABDAC3D00BC0E07 /* Debug */ = {
			isa = XCBuildConfiguration;
			buildSettings = {
				CODE_SIGN_STYLE = Automatic;
				PRODUCT_NAME = "$(TARGET_NAME)";
			};
			name = Debug;
		};
		7EB364AD2ABDAC3D00BC0E07 /* Release */ = {
			isa = XCBuildConfiguration;
			buildSettings = {
				CODE_SIGN_STYLE = Automatic;
				PRODUCT_NAME = "$(TARGET_NAME)";
			};
			name = Release;
		};
		7EB364B72ABDBA7C00BC0E07 /* Debug */ = {
			isa = XCBuildConfiguration;
			buildSettings = {
				CODE_SIGN_STYLE = Automatic;
				PRODUCT_NAME = "$(TARGET_NAME)";
			};
			name = Debug;
		};
		7EB364B82ABDBA7C00BC0E07 /* Release */ = {
			isa = XCBuildConfiguration;
			buildSettings = {
				CODE_SIGN_STYLE = Automatic;
				PRODUCT_NAME = "$(TARGET_NAME)";
			};
			name = Release;
		};
		7EB364C22AC0982500BC0E07 /* Debug */ = {
			isa = XCBuildConfiguration;
			buildSettings = {
				CODE_SIGN_STYLE = Automatic;
				PRODUCT_NAME = "$(TARGET_NAME)";
			};
			name = Debug;
		};
		7EB364C32AC0982500BC0E07 /* Release */ = {
			isa = XCBuildConfiguration;
			buildSettings = {
				CODE_SIGN_STYLE = Automatic;
				PRODUCT_NAME = "$(TARGET_NAME)";
			};
			name = Release;
		};
		7EECF6DE2AE7B93B002539A9 /* Debug */ = {
			isa = XCBuildConfiguration;
			buildSettings = {
				CODE_SIGN_STYLE = Automatic;
				MACOSX_DEPLOYMENT_TARGET = 14.0;
				PRODUCT_NAME = "$(TARGET_NAME)";
			};
			name = Debug;
		};
		7EECF6DF2AE7B93B002539A9 /* Release */ = {
			isa = XCBuildConfiguration;
			buildSettings = {
				CODE_SIGN_STYLE = Automatic;
				MACOSX_DEPLOYMENT_TARGET = 14.0;
				PRODUCT_NAME = "$(TARGET_NAME)";
			};
			name = Release;
		};
		7EECF6EA2AE7BB4A002539A9 /* Debug */ = {
			isa = XCBuildConfiguration;
			buildSettings = {
				CODE_SIGN_STYLE = Automatic;
				MACOSX_DEPLOYMENT_TARGET = 14.0;
				PRODUCT_NAME = "$(TARGET_NAME)";
			};
			name = Debug;
		};
		7EECF6EB2AE7BB4A002539A9 /* Release */ = {
			isa = XCBuildConfiguration;
			buildSettings = {
				CODE_SIGN_STYLE = Automatic;
				MACOSX_DEPLOYMENT_TARGET = 14.0;
				PRODUCT_NAME = "$(TARGET_NAME)";
			};
			name = Release;
		};
		7EECF6F52AE7C0CB002539A9 /* Debug */ = {
			isa = XCBuildConfiguration;
			buildSettings = {
				CODE_SIGN_STYLE = Automatic;
				MACOSX_DEPLOYMENT_TARGET = 14.0;
				PRODUCT_NAME = "$(TARGET_NAME)";
			};
			name = Debug;
		};
		7EECF6F62AE7C0CB002539A9 /* Release */ = {
			isa = XCBuildConfiguration;
			buildSettings = {
				CODE_SIGN_STYLE = Automatic;
				MACOSX_DEPLOYMENT_TARGET = 14.0;
				PRODUCT_NAME = "$(TARGET_NAME)";
			};
			name = Release;
		};
		7EECF7002AE80538002539A9 /* Debug */ = {
			isa = XCBuildConfiguration;
			buildSettings = {
				CODE_SIGN_STYLE = Automatic;
				MACOSX_DEPLOYMENT_TARGET = 14.0;
				PRODUCT_NAME = "$(TARGET_NAME)";
			};
			name = Debug;
		};
		7EECF7012AE80538002539A9 /* Release */ = {
			isa = XCBuildConfiguration;
			buildSettings = {
				CODE_SIGN_STYLE = Automatic;
				MACOSX_DEPLOYMENT_TARGET = 14.0;
				PRODUCT_NAME = "$(TARGET_NAME)";
			};
			name = Release;
		};
		7EECF70A2AEAD29A002539A9 /* Debug */ = {
			isa = XCBuildConfiguration;
			buildSettings = {
				CODE_SIGN_STYLE = Automatic;
				MACOSX_DEPLOYMENT_TARGET = 14.0;
				PRODUCT_NAME = "$(TARGET_NAME)";
			};
			name = Debug;
		};
		7EECF70B2AEAD29A002539A9 /* Release */ = {
			isa = XCBuildConfiguration;
			buildSettings = {
				CODE_SIGN_STYLE = Automatic;
				MACOSX_DEPLOYMENT_TARGET = 14.0;
				PRODUCT_NAME = "$(TARGET_NAME)";
			};
			name = Release;
		};
		7EECF7162AEAD974002539A9 /* Debug */ = {
			isa = XCBuildConfiguration;
			buildSettings = {
				CODE_SIGN_STYLE = Automatic;
				MACOSX_DEPLOYMENT_TARGET = 14.0;
				PRODUCT_NAME = "$(TARGET_NAME)";
			};
			name = Debug;
		};
		7EECF7172AEAD974002539A9 /* Release */ = {
			isa = XCBuildConfiguration;
			buildSettings = {
				CODE_SIGN_STYLE = Automatic;
				MACOSX_DEPLOYMENT_TARGET = 14.0;
				PRODUCT_NAME = "$(TARGET_NAME)";
			};
			name = Release;
		};
		7EECF7212AEADF6F002539A9 /* Debug */ = {
			isa = XCBuildConfiguration;
			buildSettings = {
				CODE_SIGN_STYLE = Automatic;
				MACOSX_DEPLOYMENT_TARGET = 14.0;
				PRODUCT_NAME = "$(TARGET_NAME)";
			};
			name = Debug;
		};
		7EECF7222AEADF6F002539A9 /* Release */ = {
			isa = XCBuildConfiguration;
			buildSettings = {
				CODE_SIGN_STYLE = Automatic;
				MACOSX_DEPLOYMENT_TARGET = 14.0;
				PRODUCT_NAME = "$(TARGET_NAME)";
			};
			name = Release;
		};
/* End XCBuildConfiguration section */

/* Begin XCConfigurationList section */
		7EB364942ABDA5B100BC0E07 /* Build configuration list for PBXProject "Work" */ = {
			isa = XCConfigurationList;
			buildConfigurations = (
				7EB3649E2ABDA5B100BC0E07 /* Debug */,
				7EB3649F2ABDA5B100BC0E07 /* Release */,
			);
			defaultConfigurationIsVisible = 0;
			defaultConfigurationName = Release;
		};
		7EB364A02ABDA5B100BC0E07 /* Build configuration list for PBXNativeTarget "work 1-1" */ = {
			isa = XCConfigurationList;
			buildConfigurations = (
				7EB364A12ABDA5B100BC0E07 /* Debug */,
				7EB364A22ABDA5B100BC0E07 /* Release */,
			);
			defaultConfigurationIsVisible = 0;
			defaultConfigurationName = Release;
		};
		7EB364AB2ABDAC3D00BC0E07 /* Build configuration list for PBXNativeTarget "work 1-2" */ = {
			isa = XCConfigurationList;
			buildConfigurations = (
				7EB364AC2ABDAC3D00BC0E07 /* Debug */,
				7EB364AD2ABDAC3D00BC0E07 /* Release */,
			);
			defaultConfigurationIsVisible = 0;
			defaultConfigurationName = Release;
		};
		7EB364B62ABDBA7C00BC0E07 /* Build configuration list for PBXNativeTarget "work 1-3" */ = {
			isa = XCConfigurationList;
			buildConfigurations = (
				7EB364B72ABDBA7C00BC0E07 /* Debug */,
				7EB364B82ABDBA7C00BC0E07 /* Release */,
			);
			defaultConfigurationIsVisible = 0;
			defaultConfigurationName = Release;
		};
		7EB364C12AC0982500BC0E07 /* Build configuration list for PBXNativeTarget "work 1-4" */ = {
			isa = XCConfigurationList;
			buildConfigurations = (
				7EB364C22AC0982500BC0E07 /* Debug */,
				7EB364C32AC0982500BC0E07 /* Release */,
			);
			defaultConfigurationIsVisible = 0;
			defaultConfigurationName = Release;
		};
		7EECF6E02AE7B93B002539A9 /* Build configuration list for PBXNativeTarget "work 2-1" */ = {
			isa = XCConfigurationList;
			buildConfigurations = (
				7EECF6DE2AE7B93B002539A9 /* Debug */,
				7EECF6DF2AE7B93B002539A9 /* Release */,
			);
			defaultConfigurationIsVisible = 0;
			defaultConfigurationName = Release;
		};
		7EECF6E92AE7BB4A002539A9 /* Build configuration list for PBXNativeTarget "GPT 2-1" */ = {
			isa = XCConfigurationList;
			buildConfigurations = (
				7EECF6EA2AE7BB4A002539A9 /* Debug */,
				7EECF6EB2AE7BB4A002539A9 /* Release */,
			);
			defaultConfigurationIsVisible = 0;
			defaultConfigurationName = Release;
		};
		7EECF6F42AE7C0CB002539A9 /* Build configuration list for PBXNativeTarget "work 2-2" */ = {
			isa = XCConfigurationList;
			buildConfigurations = (
				7EECF6F52AE7C0CB002539A9 /* Debug */,
				7EECF6F62AE7C0CB002539A9 /* Release */,
			);
			defaultConfigurationIsVisible = 0;
			defaultConfigurationName = Release;
		};
		7EECF6FF2AE80538002539A9 /* Build configuration list for PBXNativeTarget "GPT 2-2" */ = {
			isa = XCConfigurationList;
			buildConfigurations = (
				7EECF7002AE80538002539A9 /* Debug */,
				7EECF7012AE80538002539A9 /* Release */,
			);
			defaultConfigurationIsVisible = 0;
			defaultConfigurationName = Release;
		};
		7EECF70C2AEAD29A002539A9 /* Build configuration list for PBXNativeTarget "work 2-3" */ = {
			isa = XCConfigurationList;
			buildConfigurations = (
				7EECF70A2AEAD29A002539A9 /* Debug */,
				7EECF70B2AEAD29A002539A9 /* Release */,
			);
			defaultConfigurationIsVisible = 0;
			defaultConfigurationName = Release;
		};
		7EECF7152AEAD974002539A9 /* Build configuration list for PBXNativeTarget "GPT 2-3" */ = {
			isa = XCConfigurationList;
			buildConfigurations = (
				7EECF7162AEAD974002539A9 /* Debug */,
				7EECF7172AEAD974002539A9 /* Release */,
			);
			defaultConfigurationIsVisible = 0;
			defaultConfigurationName = Release;
		};
		7EECF7202AEADF6F002539A9 /* Build configuration list for PBXNativeTarget "GPT 2-5" */ = {
			isa = XCConfigurationList;
			buildConfigurations = (
				7EECF7212AEADF6F002539A9 /* Debug */,
				7EECF7222AEADF6F002539A9 /* Release */,
			);
			defaultConfigurationIsVisible = 0;
			defaultConfigurationName = Release;
		};
/* End XCConfigurationList section */
	};
	rootObject = 7EB364912ABDA5B100BC0E07 /* Project object */;
}
